// !$*UTF8*$!
{
	archiveVersion = 1;
	classes = {
	};
	objectVersion = 46;
	objects = {

/* Begin PBXBuildFile section */
		74EC43411CC60885005195A2 /* AppDelegate.swift in Sources */ = {isa = PBXBuildFile; fileRef = 74EC43401CC60885005195A2 /* AppDelegate.swift */; };
		74EC43431CC60885005195A2 /* ViewController.swift in Sources */ = {isa = PBXBuildFile; fileRef = 74EC43421CC60885005195A2 /* ViewController.swift */; };
		74EC43461CC60885005195A2 /* Main.storyboard in Resources */ = {isa = PBXBuildFile; fileRef = 74EC43441CC60885005195A2 /* Main.storyboard */; };
		74EC43481CC60885005195A2 /* Assets.xcassets in Resources */ = {isa = PBXBuildFile; fileRef = 74EC43471CC60885005195A2 /* Assets.xcassets */; };
		74EC434B1CC60885005195A2 /* LaunchScreen.storyboard in Resources */ = {isa = PBXBuildFile; fileRef = 74EC43491CC60885005195A2 /* LaunchScreen.storyboard */; };
		74EC43591CC60896005195A2 /* GlobalKeys.swift in Sources */ = {isa = PBXBuildFile; fileRef = 74EC43521CC60896005195A2 /* GlobalKeys.swift */; };
		74EC435A1CC60896005195A2 /* FirebaseController.swift in Sources */ = {isa = PBXBuildFile; fileRef = 74EC43531CC60896005195A2 /* FirebaseController.swift */; };
		74EC435B1CC60896005195A2 /* MessageController.swift in Sources */ = {isa = PBXBuildFile; fileRef = 74EC43541CC60896005195A2 /* MessageController.swift */; };
		74EC435C1CC60896005195A2 /* ThreadController.swift in Sources */ = {isa = PBXBuildFile; fileRef = 74EC43551CC60896005195A2 /* ThreadController.swift */; };
		74EC435D1CC60896005195A2 /* Thread.swift in Sources */ = {isa = PBXBuildFile; fileRef = 74EC43561CC60896005195A2 /* Thread.swift */; };
		74EC435E1CC60896005195A2 /* Message.swift in Sources */ = {isa = PBXBuildFile; fileRef = 74EC43571CC60896005195A2 /* Message.swift */; };
		74EC435F1CC60896005195A2 /* FirebaseChat.swift in Sources */ = {isa = PBXBuildFile; fileRef = 74EC43581CC60896005195A2 /* FirebaseChat.swift */; };
/* End PBXBuildFile section */

/* Begin PBXFileReference section */
		74EC433D1CC60885005195A2 /* FirebaseChat.app */ = {isa = PBXFileReference; explicitFileType = wrapper.application; includeInIndex = 0; path = FirebaseChat.app; sourceTree = BUILT_PRODUCTS_DIR; };
		74EC43401CC60885005195A2 /* AppDelegate.swift */ = {isa = PBXFileReference; lastKnownFileType = sourcecode.swift; path = AppDelegate.swift; sourceTree = "<group>"; };
		74EC43421CC60885005195A2 /* ViewController.swift */ = {isa = PBXFileReference; lastKnownFileType = sourcecode.swift; path = ViewController.swift; sourceTree = "<group>"; };
		74EC43451CC60885005195A2 /* Base */ = {isa = PBXFileReference; lastKnownFileType = file.storyboard; name = Base; path = Base.lproj/Main.storyboard; sourceTree = "<group>"; };
		74EC43471CC60885005195A2 /* Assets.xcassets */ = {isa = PBXFileReference; lastKnownFileType = folder.assetcatalog; path = Assets.xcassets; sourceTree = "<group>"; };
		74EC434A1CC60885005195A2 /* Base */ = {isa = PBXFileReference; lastKnownFileType = file.storyboard; name = Base; path = Base.lproj/LaunchScreen.storyboard; sourceTree = "<group>"; };
		74EC434C1CC60885005195A2 /* Info.plist */ = {isa = PBXFileReference; lastKnownFileType = text.plist.xml; path = Info.plist; sourceTree = "<group>"; };
		74EC43521CC60896005195A2 /* GlobalKeys.swift */ = {isa = PBXFileReference; fileEncoding = 4; lastKnownFileType = sourcecode.swift; path = GlobalKeys.swift; sourceTree = "<group>"; };
		74EC43531CC60896005195A2 /* FirebaseController.swift */ = {isa = PBXFileReference; fileEncoding = 4; lastKnownFileType = sourcecode.swift; path = FirebaseController.swift; sourceTree = "<group>"; };
		74EC43541CC60896005195A2 /* MessageController.swift */ = {isa = PBXFileReference; fileEncoding = 4; lastKnownFileType = sourcecode.swift; path = MessageController.swift; sourceTree = "<group>"; };
		74EC43551CC60896005195A2 /* ThreadController.swift */ = {isa = PBXFileReference; fileEncoding = 4; lastKnownFileType = sourcecode.swift; path = ThreadController.swift; sourceTree = "<group>"; };
		74EC43561CC60896005195A2 /* Thread.swift */ = {isa = PBXFileReference; fileEncoding = 4; lastKnownFileType = sourcecode.swift; path = Thread.swift; sourceTree = "<group>"; };
		74EC43571CC60896005195A2 /* Message.swift */ = {isa = PBXFileReference; fileEncoding = 4; lastKnownFileType = sourcecode.swift; path = Message.swift; sourceTree = "<group>"; };
		74EC43581CC60896005195A2 /* FirebaseChat.swift */ = {isa = PBXFileReference; fileEncoding = 4; lastKnownFileType = sourcecode.swift; path = FirebaseChat.swift; sourceTree = "<group>"; };
/* End PBXFileReference section */

/* Begin PBXFrameworksBuildPhase section */
		74EC433A1CC60885005195A2 /* Frameworks */ = {
			isa = PBXFrameworksBuildPhase;
			buildActionMask = 2147483647;
			files = (
			);
			runOnlyForDeploymentPostprocessing = 0;
		};
/* End PBXFrameworksBuildPhase section */

/* Begin PBXGroup section */
		74EC43341CC60885005195A2 = {
			isa = PBXGroup;
			children = (
				74EC433F1CC60885005195A2 /* FirebaseChat */,
				74EC433E1CC60885005195A2 /* Products */,
			);
			sourceTree = "<group>";
		};
		74EC433E1CC60885005195A2 /* Products */ = {
			isa = PBXGroup;
			children = (
				74EC433D1CC60885005195A2 /* FirebaseChat.app */,
			);
			name = Products;
			sourceTree = "<group>";
		};
		74EC433F1CC60885005195A2 /* FirebaseChat */ = {
			isa = PBXGroup;
			children = (
				74EC43601CC6089B005195A2 /* FirebaseChat */,
				74EC43401CC60885005195A2 /* AppDelegate.swift */,
				74EC43421CC60885005195A2 /* ViewController.swift */,
				74EC43441CC60885005195A2 /* Main.storyboard */,
				74EC43471CC60885005195A2 /* Assets.xcassets */,
				74EC43491CC60885005195A2 /* LaunchScreen.storyboard */,
				74EC434C1CC60885005195A2 /* Info.plist */,
			);
			path = FirebaseChat;
			sourceTree = "<group>";
		};
		74EC43601CC6089B005195A2 /* FirebaseChat */ = {
			isa = PBXGroup;
			children = (
				74EC43521CC60896005195A2 /* GlobalKeys.swift */,
				74EC43531CC60896005195A2 /* FirebaseController.swift */,
				74EC43541CC60896005195A2 /* MessageController.swift */,
				74EC43551CC60896005195A2 /* ThreadController.swift */,
				74EC43561CC60896005195A2 /* Thread.swift */,
				74EC43571CC60896005195A2 /* Message.swift */,
				74EC43581CC60896005195A2 /* FirebaseChat.swift */,
			);
			name = FirebaseChat;
			sourceTree = "<group>";
		};
/* End PBXGroup section */

/* Begin PBXNativeTarget section */
		74EC433C1CC60885005195A2 /* FirebaseChat */ = {
			isa = PBXNativeTarget;
			buildConfigurationList = 74EC434F1CC60885005195A2 /* Build configuration list for PBXNativeTarget "FirebaseChat" */;
			buildPhases = (
				74EC43391CC60885005195A2 /* Sources */,
				74EC433A1CC60885005195A2 /* Frameworks */,
				74EC433B1CC60885005195A2 /* Resources */,
			);
			buildRules = (
			);
			dependencies = (
			);
			name = FirebaseChat;
			productName = FirebaseChat;
			productReference = 74EC433D1CC60885005195A2 /* FirebaseChat.app */;
			productType = "com.apple.product-type.application";
		};
/* End PBXNativeTarget section */

/* Begin PBXProject section */
		74EC43351CC60885005195A2 /* Project object */ = {
			isa = PBXProject;
			attributes = {
				LastSwiftUpdateCheck = 0730;
				LastUpgradeCheck = 0730;
				ORGANIZATIONNAME = NSDesert;
				TargetAttributes = {
					74EC433C1CC60885005195A2 = {
						CreatedOnToolsVersion = 7.3;
					};
				};
			};
			buildConfigurationList = 74EC43381CC60885005195A2 /* Build configuration list for PBXProject "FirebaseChat" */;
			compatibilityVersion = "Xcode 3.2";
			developmentRegion = English;
			hasScannedForEncodings = 0;
			knownRegions = (
				en,
				Base,
			);
			mainGroup = 74EC43341CC60885005195A2;
			productRefGroup = 74EC433E1CC60885005195A2 /* Products */;
			projectDirPath = "";
			projectRoot = "";
			targets = (
				74EC433C1CC60885005195A2 /* FirebaseChat */,
			);
		};
/* End PBXProject section */

/* Begin PBXResourcesBuildPhase section */
		74EC433B1CC60885005195A2 /* Resources */ = {
			isa = PBXResourcesBuildPhase;
			buildActionMask = 2147483647;
			files = (
				74EC434B1CC60885005195A2 /* LaunchScreen.storyboard in Resources */,
				74EC43481CC60885005195A2 /* Assets.xcassets in Resources */,
				74EC43461CC60885005195A2 /* Main.storyboard in Resources */,
			);
			runOnlyForDeploymentPostprocessing = 0;
		};
/* End PBXResourcesBuildPhase section */

/* Begin PBXSourcesBuildPhase section */
		74EC43391CC60885005195A2 /* Sources */ = {
			isa = PBXSourcesBuildPhase;
			buildActionMask = 2147483647;
			files = (
				74EC435A1CC60896005195A2 /* FirebaseController.swift in Sources */,
				74EC43431CC60885005195A2 /* ViewController.swift in Sources */,
				74EC435B1CC60896005195A2 /* MessageController.swift in Sources */,
				74EC43411CC60885005195A2 /* AppDelegate.swift in Sources */,
				74EC43591CC60896005195A2 /* GlobalKeys.swift in Sources */,
				74EC435E1CC60896005195A2 /* Message.swift in Sources */,
				74EC435F1CC60896005195A2 /* FirebaseChat.swift in Sources */,
				74EC435D1CC60896005195A2 /* Thread.swift in Sources */,
				74EC435C1CC60896005195A2 /* ThreadController.swift in Sources */,
			);
			runOnlyForDeploymentPostprocessing = 0;
		};
/* End PBXSourcesBuildPhase section */

/* Begin PBXVariantGroup section */
		74EC43441CC60885005195A2 /* Main.storyboard */ = {
			isa = PBXVariantGroup;
			children = (
				74EC43451CC60885005195A2 /* Base */,
			);
			name = Main.storyboard;
			sourceTree = "<group>";
		};
		74EC43491CC60885005195A2 /* LaunchScreen.storyboard */ = {
			isa = PBXVariantGroup;
			children = (
				74EC434A1CC60885005195A2 /* Base */,
			);
			name = LaunchScreen.storyboard;
			sourceTree = "<group>";
		};
/* End PBXVariantGroup section */

/* Begin XCBuildConfiguration section */
		74EC434D1CC60885005195A2 /* Debug */ = {
			isa = XCBuildConfiguration;
			buildSettings = {
				ALWAYS_SEARCH_USER_PATHS = NO;
				CLANG_ANALYZER_NONNULL = YES;
				CLANG_CXX_LANGUAGE_STANDARD = "gnu++0x";
				CLANG_CXX_LIBRARY = "libc++";
				CLANG_ENABLE_MODULES = YES;
				CLANG_ENABLE_OBJC_ARC = YES;
				CLANG_WARN_BOOL_CONVERSION = YES;
				CLANG_WARN_CONSTANT_CONVERSION = YES;
				CLANG_WARN_DIRECT_OBJC_ISA_USAGE = YES_ERROR;
				CLANG_WARN_EMPTY_BODY = YES;
				CLANG_WARN_ENUM_CONVERSION = YES;
				CLANG_WARN_INT_CONVERSION = YES;
				CLANG_WARN_OBJC_ROOT_CLASS = YES_ERROR;
				CLANG_WARN_UNREACHABLE_CODE = YES;
				CLANG_WARN__DUPLICATE_METHOD_MATCH = YES;
				"CODE_SIGN_IDENTITY[sdk=iphoneos*]" = "iPhone Developer";
				COPY_PHASE_STRIP = NO;
				DEBUG_INFORMATION_FORMAT = dwarf;
				ENABLE_STRICT_OBJC_MSGSEND = YES;
				ENABLE_TESTABILITY = YES;
				GCC_C_LANGUAGE_STANDARD = gnu99;
				GCC_DYNAMIC_NO_PIC = NO;
				GCC_NO_COMMON_BLOCKS = YES;
				GCC_OPTIMIZATION_LEVEL = 0;
				GCC_PREPROCESSOR_DEFINITIONS = (
					"DEBUG=1",
					"$(inherited)",
				);
				GCC_WARN_64_TO_32_BIT_CONVERSION = YES;
				GCC_WARN_ABOUT_RETURN_TYPE = YES_ERROR;
				GCC_WARN_UNDECLARED_SELECTOR = YES;
				GCC_WARN_UNINITIALIZED_AUTOS = YES_AGGRESSIVE;
				GCC_WARN_UNUSED_FUNCTION = YES;
				GCC_WARN_UNUSED_VARIABLE = YES;
				IPHONEOS_DEPLOYMENT_TARGET = 9.3;
				MTL_ENABLE_DEBUG_INFO = YES;
				ONLY_ACTIVE_ARCH = YES;
				SDKROOT = iphoneos;
				SWIFT_OPTIMIZATION_LEVEL = "-Onone";
				TARGETED_DEVICE_FAMILY = "1,2";
			};
			name = Debug;
		};
		74EC434E1CC60885005195A2 /* Release */ = {
			isa = XCBuildConfiguration;
			buildSettings = {
				ALWAYS_SEARCH_USER_PATHS = NO;
				CLANG_ANALYZER_NONNULL = YES;
				CLANG_CXX_LANGUAGE_STANDARD = "gnu++0x";
				CLANG_CXX_LIBRARY = "libc++";
				CLANG_ENABLE_MODULES = YES;
				CLANG_ENABLE_OBJC_ARC = YES;
				CLANG_WARN_BOOL_CONVERSION = YES;
				CLANG_WARN_CONSTANT_CONVERSION = YES;
				CLANG_WARN_DIRECT_OBJC_ISA_USAGE = YES_ERROR;
				CLANG_WARN_EMPTY_BODY = YES;
				CLANG_WARN_ENUM_CONVERSION = YES;
				CLANG_WARN_INT_CONVERSION = YES;
				CLANG_WARN_OBJC_ROOT_CLASS = YES_ERROR;
				CLANG_WARN_UNREACHABLE_CODE = YES;
				CLANG_WARN__DUPLICATE_METHOD_MATCH = YES;
				"CODE_SIGN_IDENTITY[sdk=iphoneos*]" = "iPhone Developer";
				COPY_PHASE_STRIP = NO;
				DEBUG_INFORMATION_FORMAT = "dwarf-with-dsym";
				ENABLE_NS_ASSERTIONS = NO;
				ENABLE_STRICT_OBJC_MSGSEND = YES;
				GCC_C_LANGUAGE_STANDARD = gnu99;
				GCC_NO_COMMON_BLOCKS = YES;
				GCC_WARN_64_TO_32_BIT_CONVERSION = YES;
				GCC_WARN_ABOUT_RETURN_TYPE = YES_ERROR;
				GCC_WARN_UNDECLARED_SELECTOR = YES;
				GCC_WARN_UNINITIALIZED_AUTOS = YES_AGGRESSIVE;
				GCC_WARN_UNUSED_FUNCTION = YES;
				GCC_WARN_UNUSED_VARIABLE = YES;
				IPHONEOS_DEPLOYMENT_TARGET = 9.3;
				MTL_ENABLE_DEBUG_INFO = NO;
				SDKROOT = iphoneos;
				TARGETED_DEVICE_FAMILY = "1,2";
				VALIDATE_PRODUCT = YES;
			};
			name = Release;
		};
		74EC43501CC60885005195A2 /* Debug */ = {
			isa = XCBuildConfiguration;
			buildSettings = {
				ASSETCATALOG_COMPILER_APPICON_NAME = AppIcon;
				INFOPLIST_FILE = FirebaseChat/Info.plist;
				LD_RUNPATH_SEARCH_PATHS = "$(inherited) @executable_path/Frameworks";
				PRODUCT_BUNDLE_IDENTIFIER = com.example.FirebaseChat;
				PRODUCT_NAME = "$(TARGET_NAME)";
			};
			name = Debug;
		};
		74EC43511CC60885005195A2 /* Release */ = {
			isa = XCBuildConfiguration;
			buildSettings = {
				ASSETCATALOG_COMPILER_APPICON_NAME = AppIcon;
				INFOPLIST_FILE = FirebaseChat/Info.plist;
				LD_RUNPATH_SEARCH_PATHS = "$(inherited) @executable_path/Frameworks";
				PRODUCT_BUNDLE_IDENTIFIER = com.example.FirebaseChat;
				PRODUCT_NAME = "$(TARGET_NAME)";
			};
			name = Release;
		};
/* End XCBuildConfiguration section */

/* Begin XCConfigurationList section */
		74EC43381CC60885005195A2 /* Build configuration list for PBXProject "FirebaseChat" */ = {
			isa = XCConfigurationList;
			buildConfigurations = (
				74EC434D1CC60885005195A2 /* Debug */,
				74EC434E1CC60885005195A2 /* Release */,
			);
			defaultConfigurationIsVisible = 0;
			defaultConfigurationName = Release;
		};
		74EC434F1CC60885005195A2 /* Build configuration list for PBXNativeTarget "FirebaseChat" */ = {
			isa = XCConfigurationList;
			buildConfigurations = (
				74EC43501CC60885005195A2 /* Debug */,
				74EC43511CC60885005195A2 /* Release */,
			);
			defaultConfigurationIsVisible = 0;
		};
/* End XCConfigurationList section */
	};
	rootObject = 74EC43351CC60885005195A2 /* Project object */;
}
